# This file is autogenerated, do not edit; changes may be undone by the next 'dep ensure'.


[[projects]]
  branch = "master"
  name = "github.com/jbenet/go-context"
  packages = ["io"]
  revision = "d14ea06fba99483203c19d92cfcd13ebe73135f4"

[[projects]]
  branch = "master"
  name = "golang.org/x/net"
  packages = ["context"]
  revision = "dfa909b99c79129e1100513e5cd36307665e5723"

[[projects]]
  name = "gopkg.in/src-d/go-git.v4"
  packages = [
    "plumbing",
    "plumbing/cache",
    "plumbing/filemode",
    "plumbing/format/idxfile",
    "plumbing/format/index",
    "plumbing/format/packfile",
    "plumbing/storer",
    "utils/binary",
    "utils/ioutil"
  ]
  revision = "57570e84f8c5739f0f4a59387493e590e709dde9"
  version = "v4.4.0"

[solve-meta]
  analyzer-name = "dep"
  analyzer-version = 1
  inputs-digest = "db1dc15e6946fb7c3675dad9e038a6c15f1faf8be61b5ffc036d93477bf95e51"
  solver-name = "gps-cdcl"
  solver-version = 1
